// !$*UTF8*$!
{
	archiveVersion = 1;
	classes = {
	};
	objectVersion = 77;
	objects = {

/* Begin PBXBuildFile section */
		16BCFDCF2F4F58A00087B207 /* DNDCompanionApp.swift in Sources */ = {isa = PBXBuildFile; fileRef = 16BCFDCE2F4F58A00087B207 /* DNDCompanionApp.swift */; };
		16BCFE052F4F5B830087B207 /* RootView.swift in Sources */ = {isa = PBXBuildFile; fileRef = 16BCFE042F4F5B7C0087B207 /* RootView.swift */; };
		16BCFE062F4F5D1A0087B207 /* Character.swift in Sources */ = {isa = PBXBuildFile; fileRef = 16BCFE002F4F5A230087B207 /* Character.swift */; };
		16BCFE072F4F5E570087B207 /* Note.swift in Sources */ = {isa = PBXBuildFile; fileRef = 16BCFE012F4F5A720087B207 /* Note.swift */; };
		16BCFE082F4F5E610087B207 /* DiceRoll.swift in Sources */ = {isa = PBXBuildFile; fileRef = 16BCFE022F4F5A790087B207 /* DiceRoll.swift */; };
		16BCFE0B2F4F5EF70087B207 /* DiceView.swift in Sources */ = {isa = PBXBuildFile; fileRef = 16BCFE0A2F4F5EEF0087B207 /* DiceView.swift */; };
		16BCFE0D2F4F5F070087B207 /* CharacterCreateView.swift in Sources */ = {isa = PBXBuildFile; fileRef = 16BCFE0C2F4F5EFD0087B207 /* CharacterCreateView.swift */; };
		16BCFE0F2F4F5F1C0087B207 /* CharacterDetailView.swift in Sources */ = {isa = PBXBuildFile; fileRef = 16BCFE0E2F4F5F130087B207 /* CharacterDetailView.swift */; };
		16BCFE112F4F5F300087B207 /* CharacterEditView.swift in Sources */ = {isa = PBXBuildFile; fileRef = 16BCFE102F4F5F240087B207 /* CharacterEditView.swift */; };
		16BCFE132F4F5F410087B207 /* NotesListView.swift in Sources */ = {isa = PBXBuildFile; fileRef = 16BCFE122F4F5F360087B207 /* NotesListView.swift */; };
		16BCFE152F4F5F550087B207 /* NoteEditorView.swift in Sources */ = {isa = PBXBuildFile; fileRef = 16BCFE142F4F5F450087B207 /* NoteEditorView.swift */; };
		16BCFE172F4F5F600087B207 /* SettingsView.swift in Sources */ = {isa = PBXBuildFile; fileRef = 16BCFE162F4F5F5A0087B207 /* SettingsView.swift */; };
		16BCFE192F4F5F720087B207 /* HomeView.swift in Sources */ = {isa = PBXBuildFile; fileRef = 16BCFE182F4F5F6B0087B207 /* HomeView.swift */; };
		16BCFE1D2F4F68720087B207 /* Theme.swift in Sources */ = {isa = PBXBuildFile; fileRef = 16BCFE1C2F4F680A0087B207 /* Theme.swift */; };
/* End PBXBuildFile section */

/* Begin PBXContainerItemProxy section */
		16BCFDDB2F4F58A20087B207 /* PBXContainerItemProxy */ = {
			isa = PBXContainerItemProxy;
			containerPortal = 16BCFDC32F4F58A00087B207 /* Project object */;
			proxyType = 1;
			remoteGlobalIDString = 16BCFDCA2F4F58A00087B207;
			remoteInfo = DNDCompanion;
		};
		16BCFDE52F4F58A20087B207 /* PBXContainerItemProxy */ = {
			isa = PBXContainerItemProxy;
			containerPortal = 16BCFDC32F4F58A00087B207 /* Project object */;
			proxyType = 1;
			remoteGlobalIDString = 16BCFDCA2F4F58A00087B207;
			remoteInfo = DNDCompanion;
		};
/* End PBXContainerItemProxy section */

/* Begin PBXFileReference section */
		16BCFDCB2F4F58A00087B207 /* DNDCompanion.app */ = {isa = PBXFileReference; explicitFileType = wrapper.application; includeInIndex = 0; path = DNDCompanion.app; sourceTree = BUILT_PRODUCTS_DIR; };
		16BCFDCE2F4F58A00087B207 /* DNDCompanionApp.swift */ = {isa = PBXFileReference; lastKnownFileType = sourcecode.swift; path = DNDCompanionApp.swift; sourceTree = "<group>"; };
		16BCFDDA2F4F58A20087B207 /* DNDCompanionTests.xctest */ = {isa = PBXFileReference; explicitFileType = wrapper.cfbundle; includeInIndex = 0; path = DNDCompanionTests.xctest; sourceTree = BUILT_PRODUCTS_DIR; };
		16BCFDE42F4F58A20087B207 /* DNDCompanionUITests.xctest */ = {isa = PBXFileReference; explicitFileType = wrapper.cfbundle; includeInIndex = 0; path = DNDCompanionUITests.xctest; sourceTree = BUILT_PRODUCTS_DIR; };
		16BCFE002F4F5A230087B207 /* Character.swift */ = {isa = PBXFileReference; lastKnownFileType = sourcecode.swift; path = Character.swift; sourceTree = "<group>"; };
		16BCFE012F4F5A720087B207 /* Note.swift */ = {isa = PBXFileReference; lastKnownFileType = sourcecode.swift; path = Note.swift; sourceTree = "<group>"; };
		16BCFE022F4F5A790087B207 /* DiceRoll.swift */ = {isa = PBXFileReference; lastKnownFileType = sourcecode.swift; path = DiceRoll.swift; sourceTree = "<group>"; };
		16BCFE032F4F5AD80087B207 /* DiceViewModel.swift */ = {isa = PBXFileReference; lastKnownFileType = sourcecode.swift; path = DiceViewModel.swift; sourceTree = "<group>"; };
		16BCFE042F4F5B7C0087B207 /* RootView.swift */ = {isa = PBXFileReference; lastKnownFileType = sourcecode.swift; path = RootView.swift; sourceTree = "<group>"; };
		16BCFE0A2F4F5EEF0087B207 /* DiceView.swift */ = {isa = PBXFileReference; lastKnownFileType = sourcecode.swift; path = DiceView.swift; sourceTree = "<group>"; };
		16BCFE0C2F4F5EFD0087B207 /* CharacterCreateView.swift */ = {isa = PBXFileReference; lastKnownFileType = sourcecode.swift; path = CharacterCreateView.swift; sourceTree = "<group>"; };
		16BCFE0E2F4F5F130087B207 /* CharacterDetailView.swift */ = {isa = PBXFileReference; lastKnownFileType = sourcecode.swift; path = CharacterDetailView.swift; sourceTree = "<group>"; };
		16BCFE102F4F5F240087B207 /* CharacterEditView.swift */ = {isa = PBXFileReference; lastKnownFileType = sourcecode.swift; path = CharacterEditView.swift; sourceTree = "<group>"; };
		16BCFE122F4F5F360087B207 /* NotesListView.swift */ = {isa = PBXFileReference; lastKnownFileType = sourcecode.swift; path = NotesListView.swift; sourceTree = "<group>"; };
		16BCFE142F4F5F450087B207 /* NoteEditorView.swift */ = {isa = PBXFileReference; lastKnownFileType = sourcecode.swift; path = NoteEditorView.swift; sourceTree = "<group>"; };
		16BCFE162F4F5F5A0087B207 /* SettingsView.swift */ = {isa = PBXFileReference; lastKnownFileType = sourcecode.swift; path = SettingsView.swift; sourceTree = "<group>"; };
		16BCFE182F4F5F6B0087B207 /* HomeView.swift */ = {isa = PBXFileReference; lastKnownFileType = sourcecode.swift; path = HomeView.swift; sourceTree = "<group>"; };
		16BCFE1A2F4F5F7B0087B207 /* CharacterViewModel.swift */ = {isa = PBXFileReference; lastKnownFileType = sourcecode.swift; path = CharacterViewModel.swift; sourceTree = "<group>"; };
		16BCFE1B2F4F5F8A0087B207 /* NotesViewModel.swift */ = {isa = PBXFileReference; lastKnownFileType = sourcecode.swift; path = NotesViewModel.swift; sourceTree = "<group>"; };
		16BCFE1C2F4F680A0087B207 /* Theme.swift */ = {isa = PBXFileReference; lastKnownFileType = sourcecode.swift; path = Theme.swift; sourceTree = "<group>"; };
/* End PBXFileReference section */

/* Begin PBXFileSystemSynchronizedRootGroup section */
		16BCFDCD2F4F58A00087B207 /* DNDCompanion */ = {
			isa = PBXFileSystemSynchronizedRootGroup;
			path = DNDCompanion;
			sourceTree = "<group>";
		};
		16BCFDDD2F4F58A20087B207 /* DNDCompanionTests */ = {
			isa = PBXFileSystemSynchronizedRootGroup;
			path = DNDCompanionTests;
			sourceTree = "<group>";
		};
		16BCFDE72F4F58A20087B207 /* DNDCompanionUITests */ = {
			isa = PBXFileSystemSynchronizedRootGroup;
			path = DNDCompanionUITests;
			sourceTree = "<group>";
		};
/* End PBXFileSystemSynchronizedRootGroup section */

/* Begin PBXFrameworksBuildPhase section */
		16BCFDC82F4F58A00087B207 /* Frameworks */ = {
			isa = PBXFrameworksBuildPhase;
			buildActionMask = 2147483647;
			files = (
			);
			runOnlyForDeploymentPostprocessing = 0;
		};
		16BCFDD72F4F58A20087B207 /* Frameworks */ = {
			isa = PBXFrameworksBuildPhase;
			buildActionMask = 2147483647;
			files = (
			);
			runOnlyForDeploymentPostprocessing = 0;
		};
		16BCFDE12F4F58A20087B207 /* Frameworks */ = {
			isa = PBXFrameworksBuildPhase;
			buildActionMask = 2147483647;
			files = (
			);
			runOnlyForDeploymentPostprocessing = 0;
		};
/* End PBXFrameworksBuildPhase section */

/* Begin PBXGroup section */
		16BCFDC22F4F58A00087B207 = {
			isa = PBXGroup;
			children = (
				16BCFDFA2F4F58DD0087B207 /* Components */,
				16BCFDF92F4F58D60087B207 /* Views */,
				16BCFDF82F4F58CE0087B207 /* ViewModels */,
				16BCFDF72F4F58BB0087B207 /* Models */,
				16BCFDCD2F4F58A00087B207 /* DNDCompanion */,
				16BCFDDD2F4F58A20087B207 /* DNDCompanionTests */,
				16BCFDE72F4F58A20087B207 /* DNDCompanionUITests */,
				16BCFDCC2F4F58A00087B207 /* Products */,
			);
			sourceTree = "<group>";
		};
		16BCFDCC2F4F58A00087B207 /* Products */ = {
			isa = PBXGroup;
			children = (
				16BCFDCB2F4F58A00087B207 /* DNDCompanion.app */,
				16BCFDDA2F4F58A20087B207 /* DNDCompanionTests.xctest */,
				16BCFDE42F4F58A20087B207 /* DNDCompanionUITests.xctest */,
			);
			name = Products;
			sourceTree = "<group>";
		};
		16BCFDF72F4F58BB0087B207 /* Models */ = {
			isa = PBXGroup;
			children = (
				16BCFE022F4F5A790087B207 /* DiceRoll.swift */,
				16BCFE012F4F5A720087B207 /* Note.swift */,
				16BCFE002F4F5A230087B207 /* Character.swift */,
			);
			path = Models;
			sourceTree = "<group>";
		};
		16BCFDF82F4F58CE0087B207 /* ViewModels */ = {
			isa = PBXGroup;
			children = (
				16BCFE1B2F4F5F8A0087B207 /* NotesViewModel.swift */,
				16BCFE1A2F4F5F7B0087B207 /* CharacterViewModel.swift */,
				16BCFE032F4F5AD80087B207 /* DiceViewModel.swift */,
			);
			path = ViewModels;
			sourceTree = "<group>";
		};
		16BCFDF92F4F58D60087B207 /* Views */ = {
			isa = PBXGroup;
			children = (
				16BCFE042F4F5B7C0087B207 /* RootView.swift */,
				16BCFDFF2F4F59070087B207 /* Settings */,
				16BCFDFE2F4F59010087B207 /* Notes */,
				16BCFDFD2F4F58F70087B207 /* Characters */,
				16BCFDFC2F4F58F10087B207 /* Dice */,
				16BCFDFB2F4F58E90087B207 /* Home */,
				16BCFDCE2F4F58A00087B207 /* DNDCompanionApp.swift */,
			);
			path = Views;
			sourceTree = "<group>";
		};
		16BCFDFA2F4F58DD0087B207 /* Components */ = {
			isa = PBXGroup;
			children = (
				16BCFE1C2F4F680A0087B207 /* Theme.swift */,
			);
			path = Components;
			sourceTree = "<group>";
		};
		16BCFDFB2F4F58E90087B207 /* Home */ = {
			isa = PBXGroup;
			children = (
				16BCFE182F4F5F6B0087B207 /* HomeView.swift */,
			);
			path = Home;
			sourceTree = "<group>";
		};
		16BCFDFC2F4F58F10087B207 /* Dice */ = {
			isa = PBXGroup;
			children = (
				16BCFE0A2F4F5EEF0087B207 /* DiceView.swift */,
			);
			path = Dice;
			sourceTree = "<group>";
		};
		16BCFDFD2F4F58F70087B207 /* Characters */ = {
			isa = PBXGroup;
			children = (
				16BCFE102F4F5F240087B207 /* CharacterEditView.swift */,
				16BCFE0E2F4F5F130087B207 /* CharacterDetailView.swift */,
				16BCFE0C2F4F5EFD0087B207 /* CharacterCreateView.swift */,
			);
			path = Characters;
			sourceTree = "<group>";
		};
		16BCFDFE2F4F59010087B207 /* Notes */ = {
			isa = PBXGroup;
			children = (
				16BCFE142F4F5F450087B207 /* NoteEditorView.swift */,
				16BCFE122F4F5F360087B207 /* NotesListView.swift */,
			);
			path = Notes;
			sourceTree = "<group>";
		};
		16BCFDFF2F4F59070087B207 /* Settings */ = {
			isa = PBXGroup;
			children = (
				16BCFE162F4F5F5A0087B207 /* SettingsView.swift */,
			);
			path = Settings;
			sourceTree = "<group>";
		};
/* End PBXGroup section */

/* Begin PBXNativeTarget section */
		16BCFDCA2F4F58A00087B207 /* DNDCompanion */ = {
			isa = PBXNativeTarget;
			buildConfigurationList = 16BCFDEE2F4F58A20087B207 /* Build configuration list for PBXNativeTarget "DNDCompanion" */;
			buildPhases = (
				16BCFDC72F4F58A00087B207 /* Sources */,
				16BCFDC82F4F58A00087B207 /* Frameworks */,
				16BCFDC92F4F58A00087B207 /* Resources */,
			);
			buildRules = (
			);
			dependencies = (
			);
			fileSystemSynchronizedGroups = (
				16BCFDCD2F4F58A00087B207 /* DNDCompanion */,
			);
			name = DNDCompanion;
			packageProductDependencies = (
			);
			productName = DNDCompanion;
			productReference = 16BCFDCB2F4F58A00087B207 /* DNDCompanion.app */;
			productType = "com.apple.product-type.application";
		};
		16BCFDD92F4F58A20087B207 /* DNDCompanionTests */ = {
			isa = PBXNativeTarget;
			buildConfigurationList = 16BCFDF12F4F58A20087B207 /* Build configuration list for PBXNativeTarget "DNDCompanionTests" */;
			buildPhases = (
				16BCFDD62F4F58A20087B207 /* Sources */,
				16BCFDD72F4F58A20087B207 /* Frameworks */,
				16BCFDD82F4F58A20087B207 /* Resources */,
			);
			buildRules = (
			);
			dependencies = (
				16BCFDDC2F4F58A20087B207 /* PBXTargetDependency */,
			);
			fileSystemSynchronizedGroups = (
				16BCFDDD2F4F58A20087B207 /* DNDCompanionTests */,
			);
			name = DNDCompanionTests;
			packageProductDependencies = (
			);
			productName = DNDCompanionTests;
			productReference = 16BCFDDA2F4F58A20087B207 /* DNDCompanionTests.xctest */;
			productType = "com.apple.product-type.bundle.unit-test";
		};
		16BCFDE32F4F58A20087B207 /* DNDCompanionUITests */ = {
			isa = PBXNativeTarget;
			buildConfigurationList = 16BCFDF42F4F58A20087B207 /* Build configuration list for PBXNativeTarget "DNDCompanionUITests" */;
			buildPhases = (
				16BCFDE02F4F58A20087B207 /* Sources */,
				16BCFDE12F4F58A20087B207 /* Frameworks */,
				16BCFDE22F4F58A20087B207 /* Resources */,
			);
			buildRules = (
			);
			dependencies = (
				16BCFDE62F4F58A20087B207 /* PBXTargetDependency */,
			);
			fileSystemSynchronizedGroups = (
				16BCFDE72F4F58A20087B207 /* DNDCompanionUITests */,
			);
			name = DNDCompanionUITests;
			packageProductDependencies = (
			);
			productName = DNDCompanionUITests;
			productReference = 16BCFDE42F4F58A20087B207 /* DNDCompanionUITests.xctest */;
			productType = "com.apple.product-type.bundle.ui-testing";
		};
/* End PBXNativeTarget section */

/* Begin PBXProject section */
		16BCFDC32F4F58A00087B207 /* Project object */ = {
			isa = PBXProject;
			attributes = {
				BuildIndependentTargetsInParallel = 1;
				LastSwiftUpdateCheck = 1640;
				LastUpgradeCheck = 1640;
				TargetAttributes = {
					16BCFDCA2F4F58A00087B207 = {
						CreatedOnToolsVersion = 16.4;
					};
					16BCFDD92F4F58A20087B207 = {
						CreatedOnToolsVersion = 16.4;
						TestTargetID = 16BCFDCA2F4F58A00087B207;
					};
					16BCFDE32F4F58A20087B207 = {
						CreatedOnToolsVersion = 16.4;
						TestTargetID = 16BCFDCA2F4F58A00087B207;
					};
				};
			};
			buildConfigurationList = 16BCFDC62F4F58A00087B207 /* Build configuration list for PBXProject "DNDCompanion" */;
			developmentRegion = en;
			hasScannedForEncodings = 0;
			knownRegions = (
				en,
				Base,
			);
			mainGroup = 16BCFDC22F4F58A00087B207;
			minimizedProjectReferenceProxies = 1;
			preferredProjectObjectVersion = 77;
			productRefGroup = 16BCFDCC2F4F58A00087B207 /* Products */;
			projectDirPath = "";
			projectRoot = "";
			targets = (
				16BCFDCA2F4F58A00087B207 /* DNDCompanion */,
				16BCFDD92F4F58A20087B207 /* DNDCompanionTests */,
				16BCFDE32F4F58A20087B207 /* DNDCompanionUITests */,
			);
		};
/* End PBXProject section */

/* Begin PBXResourcesBuildPhase section */
		16BCFDC92F4F58A00087B207 /* Resources */ = {
			isa = PBXResourcesBuildPhase;
			buildActionMask = 2147483647;
			files = (
			);
			runOnlyForDeploymentPostprocessing = 0;
		};
		16BCFDD82F4F58A20087B207 /* Resources */ = {
			isa = PBXResourcesBuildPhase;
			buildActionMask = 2147483647;
			files = (
			);
			runOnlyForDeploymentPostprocessing = 0;
		};
		16BCFDE22F4F58A20087B207 /* Resources */ = {
			isa = PBXResourcesBuildPhase;
			buildActionMask = 2147483647;
			files = (
			);
			runOnlyForDeploymentPostprocessing = 0;
		};
/* End PBXResourcesBuildPhase section */

/* Begin PBXSourcesBuildPhase section */
		16BCFDC72F4F58A00087B207 /* Sources */ = {
			isa = PBXSourcesBuildPhase;
			buildActionMask = 2147483647;
			files = (
				16BCFE152F4F5F550087B207 /* NoteEditorView.swift in Sources */,
				16BCFE112F4F5F300087B207 /* CharacterEditView.swift in Sources */,
				16BCFE052F4F5B830087B207 /* RootView.swift in Sources */,
				16BCFE192F4F5F720087B207 /* HomeView.swift in Sources */,
				16BCFE0B2F4F5EF70087B207 /* DiceView.swift in Sources */,
				16BCFE082F4F5E610087B207 /* DiceRoll.swift in Sources */,
				16BCFE062F4F5D1A0087B207 /* Character.swift in Sources */,
				16BCFE172F4F5F600087B207 /* SettingsView.swift in Sources */,
				16BCFE1D2F4F68720087B207 /* Theme.swift in Sources */,
				16BCFE0F2F4F5F1C0087B207 /* CharacterDetailView.swift in Sources */,
				16BCFDCF2F4F58A00087B207 /* DNDCompanionApp.swift in Sources */,
				16BCFE072F4F5E570087B207 /* Note.swift in Sources */,
				16BCFE132F4F5F410087B207 /* NotesListView.swift in Sources */,
				16BCFE0D2F4F5F070087B207 /* CharacterCreateView.swift in Sources */,
			);
			runOnlyForDeploymentPostprocessing = 0;
		};
		16BCFDD62F4F58A20087B207 /* Sources */ = {
			isa = PBXSourcesBuildPhase;
			buildActionMask = 2147483647;
			files = (
			);
			runOnlyForDeploymentPostprocessing = 0;
		};
		16BCFDE02F4F58A20087B207 /* Sources */ = {
			isa = PBXSourcesBuildPhase;
			buildActionMask = 2147483647;
			files = (
			);
			runOnlyForDeploymentPostprocessing = 0;
		};
/* End PBXSourcesBuildPhase section */

/* Begin PBXTargetDependency section */
		16BCFDDC2F4F58A20087B207 /* PBXTargetDependency */ = {
			isa = PBXTargetDependency;
			target = 16BCFDCA2F4F58A00087B207 /* DNDCompanion */;
			targetProxy = 16BCFDDB2F4F58A20087B207 /* PBXContainerItemProxy */;
		};
		16BCFDE62F4F58A20087B207 /* PBXTargetDependency */ = {
			isa = PBXTargetDependency;
			target = 16BCFDCA2F4F58A00087B207 /* DNDCompanion */;
			targetProxy = 16BCFDE52F4F58A20087B207 /* PBXContainerItemProxy */;
		};
/* End PBXTargetDependency section */

/* Begin XCBuildConfiguration section */
		16BCFDEC2F4F58A20087B207 /* Debug */ = {
			isa = XCBuildConfiguration;
			buildSettings = {
				ALWAYS_SEARCH_USER_PATHS = NO;
				ASSETCATALOG_COMPILER_GENERATE_SWIFT_ASSET_SYMBOL_EXTENSIONS = YES;
				CLANG_ANALYZER_NONNULL = YES;
				CLANG_ANALYZER_NUMBER_OBJECT_CONVERSION = YES_AGGRESSIVE;
				CLANG_CXX_LANGUAGE_STANDARD = "gnu++20";
				CLANG_ENABLE_MODULES = YES;
				CLANG_ENABLE_OBJC_ARC = YES;
				CLANG_ENABLE_OBJC_WEAK = YES;
				CLANG_WARN_BLOCK_CAPTURE_AUTORELEASING = YES;
				CLANG_WARN_BOOL_CONVERSION = YES;
				CLANG_WARN_COMMA = YES;
				CLANG_WARN_CONSTANT_CONVERSION = YES;
				CLANG_WARN_DEPRECATED_OBJC_IMPLEMENTATIONS = YES;
				CLANG_WARN_DIRECT_OBJC_ISA_USAGE = YES_ERROR;
				CLANG_WARN_DOCUMENTATION_COMMENTS = YES;
				CLANG_WARN_EMPTY_BODY = YES;
				CLANG_WARN_ENUM_CONVERSION = YES;
				CLANG_WARN_INFINITE_RECURSION = YES;
				CLANG_WARN_INT_CONVERSION = YES;
				CLANG_WARN_NON_LITERAL_NULL_CONVERSION = YES;
				CLANG_WARN_OBJC_IMPLICIT_RETAIN_SELF = YES;
				CLANG_WARN_OBJC_LITERAL_CONVERSION = YES;
				CLANG_WARN_OBJC_ROOT_CLASS = YES_ERROR;
				CLANG_WARN_QUOTED_INCLUDE_IN_FRAMEWORK_HEADER = YES;
				CLANG_WARN_RANGE_LOOP_ANALYSIS = YES;
				CLANG_WARN_STRICT_PROTOTYPES = YES;
				CLANG_WARN_SUSPICIOUS_MOVE = YES;
				CLANG_WARN_UNGUARDED_AVAILABILITY = YES_AGGRESSIVE;
				CLANG_WARN_UNREACHABLE_CODE = YES;
				CLANG_WARN__DUPLICATE_METHOD_MATCH = YES;
				COPY_PHASE_STRIP = NO;
				DEBUG_INFORMATION_FORMAT = dwarf;
				ENABLE_STRICT_OBJC_MSGSEND = YES;
				ENABLE_TESTABILITY = YES;
				ENABLE_USER_SCRIPT_SANDBOXING = YES;
				GCC_C_LANGUAGE_STANDARD = gnu17;
				GCC_DYNAMIC_NO_PIC = NO;
				GCC_NO_COMMON_BLOCKS = YES;
				GCC_OPTIMIZATION_LEVEL = 0;
				GCC_PREPROCESSOR_DEFINITIONS = (
					"DEBUG=1",
					"$(inherited)",
				);
				GCC_WARN_64_TO_32_BIT_CONVERSION = YES;
				GCC_WARN_ABOUT_RETURN_TYPE = YES_ERROR;
				GCC_WARN_UNDECLARED_SELECTOR = YES;
				GCC_WARN_UNINITIALIZED_AUTOS = YES_AGGRESSIVE;
				GCC_WARN_UNUSED_FUNCTION = YES;
				GCC_WARN_UNUSED_VARIABLE = YES;
				IPHONEOS_DEPLOYMENT_TARGET = 18.5;
				LOCALIZATION_PREFERS_STRING_CATALOGS = YES;
				MTL_ENABLE_DEBUG_INFO = INCLUDE_SOURCE;
				MTL_FAST_MATH = YES;
				ONLY_ACTIVE_ARCH = YES;
				SDKROOT = iphoneos;
				SWIFT_ACTIVE_COMPILATION_CONDITIONS = "DEBUG $(inherited)";
				SWIFT_OPTIMIZATION_LEVEL = "-Onone";
			};
			name = Debug;
		};
		16BCFDED2F4F58A20087B207 /* Release */ = {
			isa = XCBuildConfiguration;
			buildSettings = {
				ALWAYS_SEARCH_USER_PATHS = NO;
				ASSETCATALOG_COMPILER_GENERATE_SWIFT_ASSET_SYMBOL_EXTENSIONS = YES;
				CLANG_ANALYZER_NONNULL = YES;
				CLANG_ANALYZER_NUMBER_OBJECT_CONVERSION = YES_AGGRESSIVE;
				CLANG_CXX_LANGUAGE_STANDARD = "gnu++20";
				CLANG_ENABLE_MODULES = YES;
				CLANG_ENABLE_OBJC_ARC = YES;
				CLANG_ENABLE_OBJC_WEAK = YES;
				CLANG_WARN_BLOCK_CAPTURE_AUTORELEASING = YES;
				CLANG_WARN_BOOL_CONVERSION = YES;
				CLANG_WARN_COMMA = YES;
				CLANG_WARN_CONSTANT_CONVERSION = YES;
				CLANG_WARN_DEPRECATED_OBJC_IMPLEMENTATIONS = YES;
				CLANG_WARN_DIRECT_OBJC_ISA_USAGE = YES_ERROR;
				CLANG_WARN_DOCUMENTATION_COMMENTS = YES;
				CLANG_WARN_EMPTY_BODY = YES;
				CLANG_WARN_ENUM_CONVERSION = YES;
				CLANG_WARN_INFINITE_RECURSION = YES;
				CLANG_WARN_INT_CONVERSION = YES;
				CLANG_WARN_NON_LITERAL_NULL_CONVERSION = YES;
				CLANG_WARN_OBJC_IMPLICIT_RETAIN_SELF = YES;
				CLANG_WARN_OBJC_LITERAL_CONVERSION = YES;
				CLANG_WARN_OBJC_ROOT_CLASS = YES_ERROR;
				CLANG_WARN_QUOTED_INCLUDE_IN_FRAMEWORK_HEADER = YES;
				CLANG_WARN_RANGE_LOOP_ANALYSIS = YES;
				CLANG_WARN_STRICT_PROTOTYPES = YES;
				CLANG_WARN_SUSPICIOUS_MOVE = YES;
				CLANG_WARN_UNGUARDED_AVAILABILITY = YES_AGGRESSIVE;
				CLANG_WARN_UNREACHABLE_CODE = YES;
				CLANG_WARN__DUPLICATE_METHOD_MATCH = YES;
				COPY_PHASE_STRIP = NO;
				DEBUG_INFORMATION_FORMAT = "dwarf-with-dsym";
				ENABLE_NS_ASSERTIONS = NO;
				ENABLE_STRICT_OBJC_MSGSEND = YES;
				ENABLE_USER_SCRIPT_SANDBOXING = YES;
				GCC_C_LANGUAGE_STANDARD = gnu17;
				GCC_NO_COMMON_BLOCKS = YES;
				GCC_WARN_64_TO_32_BIT_CONVERSION = YES;
				GCC_WARN_ABOUT_RETURN_TYPE = YES_ERROR;
				GCC_WARN_UNDECLARED_SELECTOR = YES;
				GCC_WARN_UNINITIALIZED_AUTOS = YES_AGGRESSIVE;
				GCC_WARN_UNUSED_FUNCTION = YES;
				GCC_WARN_UNUSED_VARIABLE = YES;
				IPHONEOS_DEPLOYMENT_TARGET = 18.5;
				LOCALIZATION_PREFERS_STRING_CATALOGS = YES;
				MTL_ENABLE_DEBUG_INFO = NO;
				MTL_FAST_MATH = YES;
				SDKROOT = iphoneos;
				SWIFT_COMPILATION_MODE = wholemodule;
				VALIDATE_PRODUCT = YES;
			};
			name = Release;
		};
		16BCFDEF2F4F58A20087B207 /* Debug */ = {
			isa = XCBuildConfiguration;
			buildSettings = {
				ASSETCATALOG_COMPILER_APPICON_NAME = AppIcon;
				ASSETCATALOG_COMPILER_GLOBAL_ACCENT_COLOR_NAME = AccentColor;
				CODE_SIGN_STYLE = Automatic;
				CURRENT_PROJECT_VERSION = 1;
				ENABLE_PREVIEWS = YES;
				GENERATE_INFOPLIST_FILE = YES;
				INFOPLIST_KEY_UIApplicationSceneManifest_Generation = YES;
				INFOPLIST_KEY_UIApplicationSupportsIndirectInputEvents = YES;
				INFOPLIST_KEY_UILaunchScreen_Generation = YES;
				INFOPLIST_KEY_UISupportedInterfaceOrientations_iPad = "UIInterfaceOrientationPortrait UIInterfaceOrientationPortraitUpsideDown UIInterfaceOrientationLandscapeLeft UIInterfaceOrientationLandscapeRight";
				INFOPLIST_KEY_UISupportedInterfaceOrientations_iPhone = "UIInterfaceOrientationPortrait UIInterfaceOrientationLandscapeLeft UIInterfaceOrientationLandscapeRight";
				LD_RUNPATH_SEARCH_PATHS = (
					"$(inherited)",
					"@executable_path/Frameworks",
				);
				MARKETING_VERSION = 1.0;
				PRODUCT_BUNDLE_IDENTIFIER = ivan.DNDCompanion;
				PRODUCT_NAME = "$(TARGET_NAME)";
				SWIFT_EMIT_LOC_STRINGS = YES;
				SWIFT_VERSION = 5.0;
				TARGETED_DEVICE_FAMILY = "1,2";
			};
			name = Debug;
		};
		16BCFDF02F4F58A20087B207 /* Release */ = {
			isa = XCBuildConfiguration;
			buildSettings = {
				ASSETCATALOG_COMPILER_APPICON_NAME = AppIcon;
				ASSETCATALOG_COMPILER_GLOBAL_ACCENT_COLOR_NAME = AccentColor;
				CODE_SIGN_STYLE = Automatic;
				CURRENT_PROJECT_VERSION = 1;
				ENABLE_PREVIEWS = YES;
				GENERATE_INFOPLIST_FILE = YES;
				INFOPLIST_KEY_UIApplicationSceneManifest_Generation = YES;
				INFOPLIST_KEY_UIApplicationSupportsIndirectInputEvents = YES;
				INFOPLIST_KEY_UILaunchScreen_Generation = YES;
				INFOPLIST_KEY_UISupportedInterfaceOrientations_iPad = "UIInterfaceOrientationPortrait UIInterfaceOrientationPortraitUpsideDown UIInterfaceOrientationLandscapeLeft UIInterfaceOrientationLandscapeRight";
				INFOPLIST_KEY_UISupportedInterfaceOrientations_iPhone = "UIInterfaceOrientationPortrait UIInterfaceOrientationLandscapeLeft UIInterfaceOrientationLandscapeRight";
				LD_RUNPATH_SEARCH_PATHS = (
					"$(inherited)",
					"@executable_path/Frameworks",
				);
				MARKETING_VERSION = 1.0;
				PRODUCT_BUNDLE_IDENTIFIER = ivan.DNDCompanion;
				PRODUCT_NAME = "$(TARGET_NAME)";
				SWIFT_EMIT_LOC_STRINGS = YES;
				SWIFT_VERSION = 5.0;
				TARGETED_DEVICE_FAMILY = "1,2";
			};
			name = Release;
		};
		16BCFDF22F4F58A20087B207 /* Debug */ = {
			isa = XCBuildConfiguration;
			buildSettings = {
				BUNDLE_LOADER = "$(TEST_HOST)";
				CODE_SIGN_STYLE = Automatic;
				CURRENT_PROJECT_VERSION = 1;
				GENERATE_INFOPLIST_FILE = YES;
				IPHONEOS_DEPLOYMENT_TARGET = 18.5;
				MARKETING_VERSION = 1.0;
				PRODUCT_BUNDLE_IDENTIFIER = ivan.DNDCompanionTests;
				PRODUCT_NAME = "$(TARGET_NAME)";
				SWIFT_EMIT_LOC_STRINGS = NO;
				SWIFT_VERSION = 5.0;
				TARGETED_DEVICE_FAMILY = "1,2";
				TEST_HOST = "$(BUILT_PRODUCTS_DIR)/DNDCompanion.app/$(BUNDLE_EXECUTABLE_FOLDER_PATH)/DNDCompanion";
			};
			name = Debug;
		};
		16BCFDF32F4F58A20087B207 /* Release */ = {
			isa = XCBuildConfiguration;
			buildSettings = {
				BUNDLE_LOADER = "$(TEST_HOST)";
				CODE_SIGN_STYLE = Automatic;
				CURRENT_PROJECT_VERSION = 1;
				GENERATE_INFOPLIST_FILE = YES;
				IPHONEOS_DEPLOYMENT_TARGET = 18.5;
				MARKETING_VERSION = 1.0;
				PRODUCT_BUNDLE_IDENTIFIER = ivan.DNDCompanionTests;
				PRODUCT_NAME = "$(TARGET_NAME)";
				SWIFT_EMIT_LOC_STRINGS = NO;
				SWIFT_VERSION = 5.0;
				TARGETED_DEVICE_FAMILY = "1,2";
				TEST_HOST = "$(BUILT_PRODUCTS_DIR)/DNDCompanion.app/$(BUNDLE_EXECUTABLE_FOLDER_PATH)/DNDCompanion";
			};
			name = Release;
		};
		16BCFDF52F4F58A20087B207 /* Debug */ = {
			isa = XCBuildConfiguration;
			buildSettings = {
				CODE_SIGN_STYLE = Automatic;
				CURRENT_PROJECT_VERSION = 1;
				GENERATE_INFOPLIST_FILE = YES;
				MARKETING_VERSION = 1.0;
				PRODUCT_BUNDLE_IDENTIFIER = ivan.DNDCompanionUITests;
				PRODUCT_NAME = "$(TARGET_NAME)";
				SWIFT_EMIT_LOC_STRINGS = NO;
				SWIFT_VERSION = 5.0;
				TARGETED_DEVICE_FAMILY = "1,2";
				TEST_TARGET_NAME = DNDCompanion;
			};
			name = Debug;
		};
		16BCFDF62F4F58A20087B207 /* Release */ = {
			isa = XCBuildConfiguration;
			buildSettings = {
				CODE_SIGN_STYLE = Automatic;
				CURRENT_PROJECT_VERSION = 1;
				GENERATE_INFOPLIST_FILE = YES;
				MARKETING_VERSION = 1.0;
				PRODUCT_BUNDLE_IDENTIFIER = ivan.DNDCompanionUITests;
				PRODUCT_NAME = "$(TARGET_NAME)";
				SWIFT_EMIT_LOC_STRINGS = NO;
				SWIFT_VERSION = 5.0;
				TARGETED_DEVICE_FAMILY = "1,2";
				TEST_TARGET_NAME = DNDCompanion;
			};
			name = Release;
		};
/* End XCBuildConfiguration section */

/* Begin XCConfigurationList section */
		16BCFDC62F4F58A00087B207 /* Build configuration list for PBXProject "DNDCompanion" */ = {
			isa = XCConfigurationList;
			buildConfigurations = (
				16BCFDEC2F4F58A20087B207 /* Debug */,
				16BCFDED2F4F58A20087B207 /* Release */,
			);
			defaultConfigurationIsVisible = 0;
			defaultConfigurationName = Release;
		};
		16BCFDEE2F4F58A20087B207 /* Build configuration list for PBXNativeTarget "DNDCompanion" */ = {
			isa = XCConfigurationList;
			buildConfigurations = (
				16BCFDEF2F4F58A20087B207 /* Debug */,
				16BCFDF02F4F58A20087B207 /* Release */,
			);
			defaultConfigurationIsVisible = 0;
			defaultConfigurationName = Release;
		};
		16BCFDF12F4F58A20087B207 /* Build configuration list for PBXNativeTarget "DNDCompanionTests" */ = {
			isa = XCConfigurationList;
			buildConfigurations = (
				16BCFDF22F4F58A20087B207 /* Debug */,
				16BCFDF32F4F58A20087B207 /* Release */,
			);
			defaultConfigurationIsVisible = 0;
			defaultConfigurationName = Release;
		};
		16BCFDF42F4F58A20087B207 /* Build configuration list for PBXNativeTarget "DNDCompanionUITests" */ = {
			isa = XCConfigurationList;
			buildConfigurations = (
				16BCFDF52F4F58A20087B207 /* Debug */,
				16BCFDF62F4F58A20087B207 /* Release */,
			);
			defaultConfigurationIsVisible = 0;
			defaultConfigurationName = Release;
		};
/* End XCConfigurationList section */
	};
	rootObject = 16BCFDC32F4F58A00087B207 /* Project object */;
}
